// !$*UTF8*$!
{
	archiveVersion = 1;
	classes = {
	};
	objectVersion = 56;
	objects = {

/* Begin PBXBuildFile section */
		9720A5702B2A252C009912D5 /* Pages_de_RevesApp.swift in Sources */ = {isa = PBXBuildFile; fileRef = 9720A56F2B2A252C009912D5 /* Pages_de_RevesApp.swift */; };
		9720A5722B2A252C009912D5 /* ContentView.swift in Sources */ = {isa = PBXBuildFile; fileRef = 9720A5712B2A252C009912D5 /* ContentView.swift */; };
		9720A5742B2A252D009912D5 /* Assets.xcassets in Resources */ = {isa = PBXBuildFile; fileRef = 9720A5732B2A252D009912D5 /* Assets.xcassets */; };
		9720A5772B2A252D009912D5 /* Preview Assets.xcassets in Resources */ = {isa = PBXBuildFile; fileRef = 9720A5762B2A252D009912D5 /* Preview Assets.xcassets */; };
		9720A57E2B2A4CE5009912D5 /* MainPage.swift in Sources */ = {isa = PBXBuildFile; fileRef = 9720A57D2B2A4CE5009912D5 /* MainPage.swift */; };
		9720A5802B2A4D87009912D5 /* StoriesBoard.swift in Sources */ = {isa = PBXBuildFile; fileRef = 9720A57F2B2A4D87009912D5 /* StoriesBoard.swift */; };
		972D7BDE2B3F72C6002768FB /* Cities.swift in Sources */ = {isa = PBXBuildFile; fileRef = 972D7BDD2B3F72C6002768FB /* Cities.swift */; };
		972D7BE02B3F72D7002768FB /* AnimalsOfForest.swift in Sources */ = {isa = PBXBuildFile; fileRef = 972D7BDF2B3F72D7002768FB /* AnimalsOfForest.swift */; };
		972D7BE22B3F72E8002768FB /* Landscapes.swift in Sources */ = {isa = PBXBuildFile; fileRef = 972D7BE12B3F72E8002768FB /* Landscapes.swift */; };
		97C027AD2B306FB500962EAE /* FirstStory.swift in Sources */ = {isa = PBXBuildFile; fileRef = 97C027AC2B306FB500962EAE /* FirstStory.swift */; };
		97DA214A2B3868DA00B29345 /* SecondStory.swift in Sources */ = {isa = PBXBuildFile; fileRef = 97DA21492B3868DA00B29345 /* SecondStory.swift */; };
/* End PBXBuildFile section */

/* Begin PBXFileReference section */
		9720A56C2B2A252C009912D5 /* Pages de Reves.app */ = {isa = PBXFileReference; explicitFileType = wrapper.application; includeInIndex = 0; path = "Pages de Reves.app"; sourceTree = BUILT_PRODUCTS_DIR; };
		9720A56F2B2A252C009912D5 /* Pages_de_RevesApp.swift */ = {isa = PBXFileReference; lastKnownFileType = sourcecode.swift; path = Pages_de_RevesApp.swift; sourceTree = "<group>"; };
		9720A5712B2A252C009912D5 /* ContentView.swift */ = {isa = PBXFileReference; lastKnownFileType = sourcecode.swift; path = ContentView.swift; sourceTree = "<group>"; };
		9720A5732B2A252D009912D5 /* Assets.xcassets */ = {isa = PBXFileReference; lastKnownFileType = folder.assetcatalog; path = Assets.xcassets; sourceTree = "<group>"; };
		9720A5762B2A252D009912D5 /* Preview Assets.xcassets */ = {isa = PBXFileReference; lastKnownFileType = folder.assetcatalog; path = "Preview Assets.xcassets"; sourceTree = "<group>"; };
		9720A57D2B2A4CE5009912D5 /* MainPage.swift */ = {isa = PBXFileReference; lastKnownFileType = sourcecode.swift; path = MainPage.swift; sourceTree = "<group>"; };
		9720A57F2B2A4D87009912D5 /* StoriesBoard.swift */ = {isa = PBXFileReference; lastKnownFileType = sourcecode.swift; path = StoriesBoard.swift; sourceTree = "<group>"; };
		972D7BDD2B3F72C6002768FB /* Cities.swift */ = {isa = PBXFileReference; lastKnownFileType = sourcecode.swift; path = Cities.swift; sourceTree = "<group>"; };
		972D7BDF2B3F72D7002768FB /* AnimalsOfForest.swift */ = {isa = PBXFileReference; lastKnownFileType = sourcecode.swift; path = AnimalsOfForest.swift; sourceTree = "<group>"; };
		972D7BE12B3F72E8002768FB /* Landscapes.swift */ = {isa = PBXFileReference; lastKnownFileType = sourcecode.swift; path = Landscapes.swift; sourceTree = "<group>"; };
		97C027AC2B306FB500962EAE /* FirstStory.swift */ = {isa = PBXFileReference; lastKnownFileType = sourcecode.swift; path = FirstStory.swift; sourceTree = "<group>"; };
		97DA21492B3868DA00B29345 /* SecondStory.swift */ = {isa = PBXFileReference; lastKnownFileType = sourcecode.swift; path = SecondStory.swift; sourceTree = "<group>"; };
/* End PBXFileReference section */

/* Begin PBXFrameworksBuildPhase section */
		9720A5692B2A252C009912D5 /* Frameworks */ = {
			isa = PBXFrameworksBuildPhase;
			buildActionMask = 2147483647;
			files = (
			);
			runOnlyForDeploymentPostprocessing = 0;
		};
/* End PBXFrameworksBuildPhase section */

/* Begin PBXGroup section */
		9720A5632B2A252C009912D5 = {
			isa = PBXGroup;
			children = (
				9720A56E2B2A252C009912D5 /* Pages de Reves */,
				9720A56D2B2A252C009912D5 /* Products */,
			);
			sourceTree = "<group>";
		};
		9720A56D2B2A252C009912D5 /* Products */ = {
			isa = PBXGroup;
			children = (
				9720A56C2B2A252C009912D5 /* Pages de Reves.app */,
			);
			name = Products;
			sourceTree = "<group>";
		};
		9720A56E2B2A252C009912D5 /* Pages de Reves */ = {
			isa = PBXGroup;
			children = (
				972D7BDC2B3F72B2002768FB /* Pictures */,
				979D42EB2B3247290042882E /* Stories */,
				9720A56F2B2A252C009912D5 /* Pages_de_RevesApp.swift */,
				9720A5712B2A252C009912D5 /* ContentView.swift */,
				9720A5732B2A252D009912D5 /* Assets.xcassets */,
				9720A5752B2A252D009912D5 /* Preview Content */,
				9720A57D2B2A4CE5009912D5 /* MainPage.swift */,
				9720A57F2B2A4D87009912D5 /* StoriesBoard.swift */,
			);
			path = "Pages de Reves";
			sourceTree = "<group>";
		};
		9720A5752B2A252D009912D5 /* Preview Content */ = {
			isa = PBXGroup;
			children = (
				9720A5762B2A252D009912D5 /* Preview Assets.xcassets */,
			);
			path = "Preview Content";
			sourceTree = "<group>";
		};
		972D7BDC2B3F72B2002768FB /* Pictures */ = {
			isa = PBXGroup;
			children = (
				972D7BDD2B3F72C6002768FB /* Cities.swift */,
				972D7BDF2B3F72D7002768FB /* AnimalsOfForest.swift */,
				972D7BE12B3F72E8002768FB /* Landscapes.swift */,
			);
			path = Pictures;
			sourceTree = "<group>";
		};
		979D42EB2B3247290042882E /* Stories */ = {
			isa = PBXGroup;
			children = (
				97C027AC2B306FB500962EAE /* FirstStory.swift */,
				97DA21492B3868DA00B29345 /* SecondStory.swift */,
			);
			path = Stories;
			sourceTree = "<group>";
		};
/* End PBXGroup section */

/* Begin PBXNativeTarget section */
		9720A56B2B2A252C009912D5 /* Pages de Reves */ = {
			isa = PBXNativeTarget;
			buildConfigurationList = 9720A57A2B2A252D009912D5 /* Build configuration list for PBXNativeTarget "Pages de Reves" */;
			buildPhases = (
				9720A5682B2A252C009912D5 /* Sources */,
				9720A5692B2A252C009912D5 /* Frameworks */,
				9720A56A2B2A252C009912D5 /* Resources */,
			);
			buildRules = (
			);
			dependencies = (
			);
			name = "Pages de Reves";
			productName = "Pages de Reves";
			productReference = 9720A56C2B2A252C009912D5 /* Pages de Reves.app */;
			productType = "com.apple.product-type.application";
		};
/* End PBXNativeTarget section */

/* Begin PBXProject section */
		9720A5642B2A252C009912D5 /* Project object */ = {
			isa = PBXProject;
			attributes = {
				BuildIndependentTargetsInParallel = 1;
				LastSwiftUpdateCheck = 1510;
				LastUpgradeCheck = 1510;
				TargetAttributes = {
					9720A56B2B2A252C009912D5 = {
						CreatedOnToolsVersion = 15.1;
					};
				};
			};
			buildConfigurationList = 9720A5672B2A252C009912D5 /* Build configuration list for PBXProject "Pages de Reves" */;
			compatibilityVersion = "Xcode 14.0";
			developmentRegion = en;
			hasScannedForEncodings = 0;
			knownRegions = (
				en,
				Base,
			);
			mainGroup = 9720A5632B2A252C009912D5;
			productRefGroup = 9720A56D2B2A252C009912D5 /* Products */;
			projectDirPath = "";
			projectRoot = "";
			targets = (
				9720A56B2B2A252C009912D5 /* Pages de Reves */,
			);
		};
/* End PBXProject section */

/* Begin PBXResourcesBuildPhase section */
		9720A56A2B2A252C009912D5 /* Resources */ = {
			isa = PBXResourcesBuildPhase;
			buildActionMask = 2147483647;
			files = (
				9720A5772B2A252D009912D5 /* Preview Assets.xcassets in Resources */,
				9720A5742B2A252D009912D5 /* Assets.xcassets in Resources */,
			);
			runOnlyForDeploymentPostprocessing = 0;
		};
/* End PBXResourcesBuildPhase section */

/* Begin PBXSourcesBuildPhase section */
		9720A5682B2A252C009912D5 /* Sources */ = {
			isa = PBXSourcesBuildPhase;
			buildActionMask = 2147483647;
			files = (
				9720A5722B2A252C009912D5 /* ContentView.swift in Sources */,
				9720A5702B2A252C009912D5 /* Pages_de_RevesApp.swift in Sources */,
				9720A5802B2A4D87009912D5 /* StoriesBoard.swift in Sources */,
				97DA214A2B3868DA00B29345 /* SecondStory.swift in Sources */,
				972D7BDE2B3F72C6002768FB /* Cities.swift in Sources */,
				972D7BE02B3F72D7002768FB /* AnimalsOfForest.swift in Sources */,
				97C027AD2B306FB500962EAE /* FirstStory.swift in Sources */,
				972D7BE22B3F72E8002768FB /* Landscapes.swift in Sources */,
				9720A57E2B2A4CE5009912D5 /* MainPage.swift in Sources */,
			);
			runOnlyForDeploymentPostprocessing = 0;
		};
/* End PBXSourcesBuildPhase section */

/* Begin XCBuildConfiguration section */
		9720A5782B2A252D009912D5 /* Debug */ = {
			isa = XCBuildConfiguration;
			buildSettings = {
				ALWAYS_SEARCH_USER_PATHS = NO;
				ASSETCATALOG_COMPILER_GENERATE_SWIFT_ASSET_SYMBOL_EXTENSIONS = YES;
				CLANG_ANALYZER_NONNULL = YES;
				CLANG_ANALYZER_NUMBER_OBJECT_CONVERSION = YES_AGGRESSIVE;
				CLANG_CXX_LANGUAGE_STANDARD = "gnu++20";
				CLANG_ENABLE_MODULES = YES;
				CLANG_ENABLE_OBJC_ARC = YES;
				CLANG_ENABLE_OBJC_WEAK = YES;
				CLANG_WARN_BLOCK_CAPTURE_AUTORELEASING = YES;
				CLANG_WARN_BOOL_CONVERSION = YES;
				CLANG_WARN_COMMA = YES;
				CLANG_WARN_CONSTANT_CONVERSION = YES;
				CLANG_WARN_DEPRECATED_OBJC_IMPLEMENTATIONS = YES;
				CLANG_WARN_DIRECT_OBJC_ISA_USAGE = YES_ERROR;
				CLANG_WARN_DOCUMENTATION_COMMENTS = YES;
				CLANG_WARN_EMPTY_BODY = YES;
				CLANG_WARN_ENUM_CONVERSION = YES;
				CLANG_WARN_INFINITE_RECURSION = YES;
				CLANG_WARN_INT_CONVERSION = YES;
				CLANG_WARN_NON_LITERAL_NULL_CONVERSION = YES;
				CLANG_WARN_OBJC_IMPLICIT_RETAIN_SELF = YES;
				CLANG_WARN_OBJC_LITERAL_CONVERSION = YES;
				CLANG_WARN_OBJC_ROOT_CLASS = YES_ERROR;
				CLANG_WARN_QUOTED_INCLUDE_IN_FRAMEWORK_HEADER = YES;
				CLANG_WARN_RANGE_LOOP_ANALYSIS = YES;
				CLANG_WARN_STRICT_PROTOTYPES = YES;
				CLANG_WARN_SUSPICIOUS_MOVE = YES;
				CLANG_WARN_UNGUARDED_AVAILABILITY = YES_AGGRESSIVE;
				CLANG_WARN_UNREACHABLE_CODE = YES;
				CLANG_WARN__DUPLICATE_METHOD_MATCH = YES;
				COPY_PHASE_STRIP = NO;
				DEBUG_INFORMATION_FORMAT = dwarf;
				ENABLE_STRICT_OBJC_MSGSEND = YES;
				ENABLE_TESTABILITY = YES;
				ENABLE_USER_SCRIPT_SANDBOXING = YES;
				GCC_C_LANGUAGE_STANDARD = gnu17;
				GCC_DYNAMIC_NO_PIC = NO;
				GCC_NO_COMMON_BLOCKS = YES;
				GCC_OPTIMIZATION_LEVEL = 0;
				GCC_PREPROCESSOR_DEFINITIONS = (
					"DEBUG=1",
					"$(inherited)",
				);
				GCC_WARN_64_TO_32_BIT_CONVERSION = YES;
				GCC_WARN_ABOUT_RETURN_TYPE = YES_ERROR;
				GCC_WARN_UNDECLARED_SELECTOR = YES;
				GCC_WARN_UNINITIALIZED_AUTOS = YES_AGGRESSIVE;
				GCC_WARN_UNUSED_FUNCTION = YES;
				GCC_WARN_UNUSED_VARIABLE = YES;
				IPHONEOS_DEPLOYMENT_TARGET = 17.2;
				LOCALIZATION_PREFERS_STRING_CATALOGS = YES;
				MTL_ENABLE_DEBUG_INFO = INCLUDE_SOURCE;
				MTL_FAST_MATH = YES;
				ONLY_ACTIVE_ARCH = YES;
				SDKROOT = iphoneos;
				SWIFT_ACTIVE_COMPILATION_CONDITIONS = "DEBUG $(inherited)";
				SWIFT_OPTIMIZATION_LEVEL = "-Onone";
				TARGETED_DEVICE_FAMILY = iPad;
			};
			name = Debug;
		};
		9720A5792B2A252D009912D5 /* Release */ = {
			isa = XCBuildConfiguration;
			buildSettings = {
				ALWAYS_SEARCH_USER_PATHS = NO;
				ASSETCATALOG_COMPILER_GENERATE_SWIFT_ASSET_SYMBOL_EXTENSIONS = YES;
				CLANG_ANALYZER_NONNULL = YES;
				CLANG_ANALYZER_NUMBER_OBJECT_CONVERSION = YES_AGGRESSIVE;
				CLANG_CXX_LANGUAGE_STANDARD = "gnu++20";
				CLANG_ENABLE_MODULES = YES;
				CLANG_ENABLE_OBJC_ARC = YES;
				CLANG_ENABLE_OBJC_WEAK = YES;
				CLANG_WARN_BLOCK_CAPTURE_AUTORELEASING = YES;
				CLANG_WARN_BOOL_CONVERSION = YES;
				CLANG_WARN_COMMA = YES;
				CLANG_WARN_CONSTANT_CONVERSION = YES;
				CLANG_WARN_DEPRECATED_OBJC_IMPLEMENTATIONS = YES;
				CLANG_WARN_DIRECT_OBJC_ISA_USAGE = YES_ERROR;
				CLANG_WARN_DOCUMENTATION_COMMENTS = YES;
				CLANG_WARN_EMPTY_BODY = YES;
				CLANG_WARN_ENUM_CONVERSION = YES;
				CLANG_WARN_INFINITE_RECURSION = YES;
				CLANG_WARN_INT_CONVERSION = YES;
				CLANG_WARN_NON_LITERAL_NULL_CONVERSION = YES;
				CLANG_WARN_OBJC_IMPLICIT_RETAIN_SELF = YES;
				CLANG_WARN_OBJC_LITERAL_CONVERSION = YES;
				CLANG_WARN_OBJC_ROOT_CLASS = YES_ERROR;
				CLANG_WARN_QUOTED_INCLUDE_IN_FRAMEWORK_HEADER = YES;
				CLANG_WARN_RANGE_LOOP_ANALYSIS = YES;
				CLANG_WARN_STRICT_PROTOTYPES = YES;
				CLANG_WARN_SUSPICIOUS_MOVE = YES;
				CLANG_WARN_UNGUARDED_AVAILABILITY = YES_AGGRESSIVE;
				CLANG_WARN_UNREACHABLE_CODE = YES;
				CLANG_WARN__DUPLICATE_METHOD_MATCH = YES;
				COPY_PHASE_STRIP = NO;
				DEBUG_INFORMATION_FORMAT = "dwarf-with-dsym";
				ENABLE_NS_ASSERTIONS = NO;
				ENABLE_STRICT_OBJC_MSGSEND = YES;
				ENABLE_USER_SCRIPT_SANDBOXING = YES;
				GCC_C_LANGUAGE_STANDARD = gnu17;
				GCC_NO_COMMON_BLOCKS = YES;
				GCC_WARN_64_TO_32_BIT_CONVERSION = YES;
				GCC_WARN_ABOUT_RETURN_TYPE = YES_ERROR;
				GCC_WARN_UNDECLARED_SELECTOR = YES;
				GCC_WARN_UNINITIALIZED_AUTOS = YES_AGGRESSIVE;
				GCC_WARN_UNUSED_FUNCTION = YES;
				GCC_WARN_UNUSED_VARIABLE = YES;
				IPHONEOS_DEPLOYMENT_TARGET = 17.2;
				LOCALIZATION_PREFERS_STRING_CATALOGS = YES;
				MTL_ENABLE_DEBUG_INFO = NO;
				MTL_FAST_MATH = YES;
				SDKROOT = iphoneos;
				SWIFT_COMPILATION_MODE = wholemodule;
				TARGETED_DEVICE_FAMILY = iPad;
				VALIDATE_PRODUCT = YES;
			};
			name = Release;
		};
		9720A57B2B2A252D009912D5 /* Debug */ = {
			isa = XCBuildConfiguration;
			buildSettings = {
				ASSETCATALOG_COMPILER_APPICON_NAME = AppIcon;
				ASSETCATALOG_COMPILER_GLOBAL_ACCENT_COLOR_NAME = AccentColor;
				CODE_SIGN_STYLE = Automatic;
				CURRENT_PROJECT_VERSION = 1;
				DEVELOPMENT_ASSET_PATHS = "\"Pages de Reves/Preview Content\"";
				DEVELOPMENT_TEAM = MN655R3RBY;
				ENABLE_PREVIEWS = YES;
				GENERATE_INFOPLIST_FILE = YES;
				INFOPLIST_KEY_UIApplicationSceneManifest_Generation = YES;
				INFOPLIST_KEY_UIApplicationSupportsIndirectInputEvents = YES;
				INFOPLIST_KEY_UILaunchScreen_Generation = YES;
				INFOPLIST_KEY_UISupportedInterfaceOrientations_iPad = "UIInterfaceOrientationPortrait UIInterfaceOrientationPortraitUpsideDown UIInterfaceOrientationLandscapeLeft UIInterfaceOrientationLandscapeRight";
				INFOPLIST_KEY_UISupportedInterfaceOrientations_iPhone = "UIInterfaceOrientationPortrait UIInterfaceOrientationLandscapeLeft UIInterfaceOrientationLandscapeRight";
				LD_RUNPATH_SEARCH_PATHS = (
					"$(inherited)",
					"@executable_path/Frameworks",
				);
				MARKETING_VERSION = 1.0;
				PRODUCT_BUNDLE_IDENTIFIER = "com.castlecoder.Pages-de-Reves";
				PRODUCT_NAME = "$(TARGET_NAME)";
				SWIFT_EMIT_LOC_STRINGS = YES;
				SWIFT_VERSION = 5.0;
				TARGETED_DEVICE_FAMILY = 2;
			};
			name = Debug;
		};
		9720A57C2B2A252D009912D5 /* Release */ = {
			isa = XCBuildConfiguration;
			buildSettings = {
				ASSETCATALOG_COMPILER_APPICON_NAME = AppIcon;
				ASSETCATALOG_COMPILER_GLOBAL_ACCENT_COLOR_NAME = AccentColor;
				CODE_SIGN_STYLE = Automatic;
				CURRENT_PROJECT_VERSION = 1;
				DEVELOPMENT_ASSET_PATHS = "\"Pages de Reves/Preview Content\"";
				DEVELOPMENT_TEAM = MN655R3RBY;
				ENABLE_PREVIEWS = YES;
				GENERATE_INFOPLIST_FILE = YES;
				INFOPLIST_KEY_UIApplicationSceneManifest_Generation = YES;
				INFOPLIST_KEY_UIApplicationSupportsIndirectInputEvents = YES;
				INFOPLIST_KEY_UILaunchScreen_Generation = YES;
				INFOPLIST_KEY_UISupportedInterfaceOrientations_iPad = "UIInterfaceOrientationPortrait UIInterfaceOrientationPortraitUpsideDown UIInterfaceOrientationLandscapeLeft UIInterfaceOrientationLandscapeRight";
				INFOPLIST_KEY_UISupportedInterfaceOrientations_iPhone = "UIInterfaceOrientationPortrait UIInterfaceOrientationLandscapeLeft UIInterfaceOrientationLandscapeRight";
				LD_RUNPATH_SEARCH_PATHS = (
					"$(inherited)",
					"@executable_path/Frameworks",
				);
				MARKETING_VERSION = 1.0;
				PRODUCT_BUNDLE_IDENTIFIER = "com.castlecoder.Pages-de-Reves";
				PRODUCT_NAME = "$(TARGET_NAME)";
				SWIFT_EMIT_LOC_STRINGS = YES;
				SWIFT_VERSION = 5.0;
				TARGETED_DEVICE_FAMILY = 2;
			};
			name = Release;
		};
/* End XCBuildConfiguration section */

/* Begin XCConfigurationList section */
		9720A5672B2A252C009912D5 /* Build configuration list for PBXProject "Pages de Reves" */ = {
			isa = XCConfigurationList;
			buildConfigurations = (
				9720A5782B2A252D009912D5 /* Debug */,
				9720A5792B2A252D009912D5 /* Release */,
			);
			defaultConfigurationIsVisible = 0;
			defaultConfigurationName = Release;
		};
		9720A57A2B2A252D009912D5 /* Build configuration list for PBXNativeTarget "Pages de Reves" */ = {
			isa = XCConfigurationList;
			buildConfigurations = (
				9720A57B2B2A252D009912D5 /* Debug */,
				9720A57C2B2A252D009912D5 /* Release */,
			);
			defaultConfigurationIsVisible = 0;
			defaultConfigurationName = Release;
		};
/* End XCConfigurationList section */
	};
	rootObject = 9720A5642B2A252C009912D5 /* Project object */;
}
